
Microsoft Visual Studio Solution File, Format Version 12.00
# Visual Studio Version 16
VisualStudioVersion = 16.0.31515.178
MinimumVisualStudioVersion = 10.0.40219.1
Project("{FAE04EC0-301F-11D3-BF4B-00C04F79EFBC}") = "ConsoleApp1", "ConsoleApp1\ConsoleApp1.csproj", "{4CE3E03A-0756-4C03-93E3-0BDD05ABBD56}"
EndProject
Project("{9A19103F-16F7-4668-BE54-9A1E7A4F7556}") = "Test", "Test\Test.csproj", "{B63C7EDE-B758-4273-9AD6-40FE5E9D48CC}"
EndProject
Project("{FAE04EC0-301F-11D3-BF4B-00C04F79EFBC}") = "RelCustomPage", "RelCustomPage\RelCustomPage.csproj", "{AF0B1790-C00F-4045-93AB-BAAC6827426C}"
EndProject
Project("{FAE04EC0-301F-11D3-BF4B-00C04F79EFBC}") = "RelCustomPage.Tests", "RelCustomPage.Tests\RelCustomPage.Tests.csproj", "{FB731853-2D30-4C7E-A6C6-DBC170C6F5ED}"
EndProject
Global
	GlobalSection(SolutionConfigurationPlatforms) = preSolution
		console|Any CPU = console|Any CPU
		Debug|Any CPU = Debug|Any CPU
		Release|Any CPU = Release|Any CPU
	EndGlobalSection
	GlobalSection(ProjectConfigurationPlatforms) = postSolution
		{4CE3E03A-0756-4C03-93E3-0BDD05ABBD56}.console|Any CPU.ActiveCfg = console|Any CPU
		{4CE3E03A-0756-4C03-93E3-0BDD05ABBD56}.console|Any CPU.Build.0 = console|Any CPU
		{4CE3E03A-0756-4C03-93E3-0BDD05ABBD56}.Debug|Any CPU.ActiveCfg = Debug|Any CPU
		{4CE3E03A-0756-4C03-93E3-0BDD05ABBD56}.Debug|Any CPU.Build.0 = Debug|Any CPU
		{4CE3E03A-0756-4C03-93E3-0BDD05ABBD56}.Release|Any CPU.ActiveCfg = Release|Any CPU
		{4CE3E03A-0756-4C03-93E3-0BDD05ABBD56}.Release|Any CPU.Build.0 = Release|Any CPU
		{B63C7EDE-B758-4273-9AD6-40FE5E9D48CC}.console|Any CPU.ActiveCfg = Release|Any CPU
		{B63C7EDE-B758-4273-9AD6-40FE5E9D48CC}.Debug|Any CPU.ActiveCfg = Debug|Any CPU
		{B63C7EDE-B758-4273-9AD6-40FE5E9D48CC}.Debug|Any CPU.Build.0 = Debug|Any CPU
		{B63C7EDE-B758-4273-9AD6-40FE5E9D48CC}.Release|Any CPU.ActiveCfg = Release|Any CPU
		{B63C7EDE-B758-4273-9AD6-40FE5E9D48CC}.Release|Any CPU.Build.0 = Release|Any CPU
		{AF0B1790-C00F-4045-93AB-BAAC6827426C}.console|Any CPU.ActiveCfg = Release|Any CPU
		{AF0B1790-C00F-4045-93AB-BAAC6827426C}.Debug|Any CPU.ActiveCfg = Debug|Any CPU
		{AF0B1790-C00F-4045-93AB-BAAC6827426C}.Debug|Any CPU.Build.0 = Debug|Any CPU
		{AF0B1790-C00F-4045-93AB-BAAC6827426C}.Release|Any CPU.ActiveCfg = Release|Any CPU
		{AF0B1790-C00F-4045-93AB-BAAC6827426C}.Release|Any CPU.Build.0 = Release|Any CPU
		{FB731853-2D30-4C7E-A6C6-DBC170C6F5ED}.console|Any CPU.ActiveCfg = Release|Any CPU
		{FB731853-2D30-4C7E-A6C6-DBC170C6F5ED}.Debug|Any CPU.ActiveCfg = Debug|Any CPU
		{FB731853-2D30-4C7E-A6C6-DBC170C6F5ED}.Debug|Any CPU.Build.0 = Debug|Any CPU
		{FB731853-2D30-4C7E-A6C6-DBC170C6F5ED}.Release|Any CPU.ActiveCfg = Release|Any CPU
		{FB731853-2D30-4C7E-A6C6-DBC170C6F5ED}.Release|Any CPU.Build.0 = Release|Any CPU
	EndGlobalSection
	GlobalSection(SolutionProperties) = preSolution
		HideSolutionNode = FALSE
	EndGlobalSection
	GlobalSection(ExtensibilityGlobals) = postSolution
		SolutionGuid = {ED51567E-3C8F-4F9E-920B-FB8FA66CFBBE}
	EndGlobalSection
EndGlobal
